hash: d9430823aef2e6ae9710ca24c5b551b74081360acd3452aaf3c79b28716e5649
updated: 2017-12-20T15:39:13.374146+01:00
imports:
- name: github.com/gorilla/context
  version: 08b5f424b9271eedf6f9f0ce86cb9396ed337a42
- name: github.com/gorilla/mux
  version: 5ab525f4fb1678e197ae59401e9050fa0b6cb5fd
testImports: []
